
Microsoft Visual Studio Solution File, Format Version 12.00
# Visual Studio Version 17
VisualStudioVersion = 17.3.32929.385
MinimumVisualStudioVersion = 10.0.40219.1
Project("{C7167F0D-BC9F-4E6E-AFE1-012C56B48DB5}") = "Fiddle.Package", "Fiddle.Package\Fiddle.Package.wapproj", "{720E4C26-431B-4C35-BD5B-11492AAE51DD}"
EndProject
Project("{8BC9CEB8-8B4A-11D0-8D11-00A0C91BC942}") = "Fiddle", "Fiddle\Fiddle.vcxproj", "{3C1DDA9A-A7CC-46AC-8E8D-2D3E013722DD}"
EndProject
Global
	GlobalSection(SolutionConfigurationPlatforms) = preSolution
		Debug|x64 = Debug|x64
		Debug|x86 = Debug|x86
		Debug|ARM64 = Debug|ARM64
		Release|x64 = Release|x64
		Release|x86 = Release|x86
		Release|ARM64 = Release|ARM64
	EndGlobalSection
	GlobalSection(ProjectConfigurationPlatforms) = postSolution
		{720E4C26-431B-4C35-BD5B-11492AAE51DD}.Debug|x64.ActiveCfg = Debug|x64
		{720E4C26-431B-4C35-BD5B-11492AAE51DD}.Debug|x64.Build.0 = Debug|x64
		{720E4C26-431B-4C35-BD5B-11492AAE51DD}.Debug|x64.Deploy.0 = Debug|x64
		{720E4C26-431B-4C35-BD5B-11492AAE51DD}.Debug|x86.ActiveCfg = Debug|x86
		{720E4C26-431B-4C35-BD5B-11492AAE51DD}.Debug|x86.Build.0 = Debug|x86
		{720E4C26-431B-4C35-BD5B-11492AAE51DD}.Debug|x86.Deploy.0 = Debug|x86
		{720E4C26-431B-4C35-BD5B-11492AAE51DD}.Debug|ARM64.ActiveCfg = Debug|ARM64
		{720E4C26-431B-4C35-BD5B-11492AAE51DD}.Debug|ARM64.Build.0 = Debug|ARM64
		{720E4C26-431B-4C35-BD5B-11492AAE51DD}.Debug|ARM64.Deploy.0 = Debug|ARM64
		{720E4C26-431B-4C35-BD5B-11492AAE51DD}.Release|x64.ActiveCfg = Release|x64
		{720E4C26-431B-4C35-BD5B-11492AAE51DD}.Release|x64.Build.0 = Release|x64
		{720E4C26-431B-4C35-BD5B-11492AAE51DD}.Release|x64.Deploy.0 = Release|x64
		{720E4C26-431B-4C35-BD5B-11492AAE51DD}.Release|x86.ActiveCfg = Release|x86
		{720E4C26-431B-4C35-BD5B-11492AAE51DD}.Release|x86.Build.0 = Release|x86
		{720E4C26-431B-4C35-BD5B-11492AAE51DD}.Release|x86.Deploy.0 = Release|x86
		{720E4C26-431B-4C35-BD5B-11492AAE51DD}.Release|ARM64.ActiveCfg = Release|ARM64
		{720E4C26-431B-4C35-BD5B-11492AAE51DD}.Release|ARM64.Build.0 = Release|ARM64
		{720E4C26-431B-4C35-BD5B-11492AAE51DD}.Release|ARM64.Deploy.0 = Release|ARM64
		{3C1DDA9A-A7CC-46AC-8E8D-2D3E013722DD}.Debug|x64.ActiveCfg = Debug|x64
		{3C1DDA9A-A7CC-46AC-8E8D-2D3E013722DD}.Debug|x64.Build.0 = Debug|x64
		{3C1DDA9A-A7CC-46AC-8E8D-2D3E013722DD}.Debug|x64.Deploy.0 = Debug|x64
		{3C1DDA9A-A7CC-46AC-8E8D-2D3E013722DD}.Debug|x86.ActiveCfg = Debug|Win32
		{3C1DDA9A-A7CC-46AC-8E8D-2D3E013722DD}.Debug|x86.Build.0 = Debug|Win32
		{3C1DDA9A-A7CC-46AC-8E8D-2D3E013722DD}.Debug|x86.Deploy.0 = Debug|Win32
		{3C1DDA9A-A7CC-46AC-8E8D-2D3E013722DD}.Debug|ARM64.ActiveCfg = Debug|ARM64
		{3C1DDA9A-A7CC-46AC-8E8D-2D3E013722DD}.Debug|ARM64.Build.0 = Debug|ARM64
		{3C1DDA9A-A7CC-46AC-8E8D-2D3E013722DD}.Debug|ARM64.Deploy.0 = Debug|ARM64
		{3C1DDA9A-A7CC-46AC-8E8D-2D3E013722DD}.Release|x64.ActiveCfg = Release|x64
		{3C1DDA9A-A7CC-46AC-8E8D-2D3E013722DD}.Release|x64.Build.0 = Release|x64
		{3C1DDA9A-A7CC-46AC-8E8D-2D3E013722DD}.Release|x64.Deploy.0 = Release|x64
		{3C1DDA9A-A7CC-46AC-8E8D-2D3E013722DD}.Release|x86.ActiveCfg = Release|Win32
		{3C1DDA9A-A7CC-46AC-8E8D-2D3E013722DD}.Release|x86.Build.0 = Release|Win32
		{3C1DDA9A-A7CC-46AC-8E8D-2D3E013722DD}.Release|x86.Deploy.0 = Release|Win32
		{3C1DDA9A-A7CC-46AC-8E8D-2D3E013722DD}.Release|ARM64.ActiveCfg = Release|ARM64
		{3C1DDA9A-A7CC-46AC-8E8D-2D3E013722DD}.Release|ARM64.Build.0 = Release|ARM64
		{3C1DDA9A-A7CC-46AC-8E8D-2D3E013722DD}.Release|ARM64.Deploy.0 = Release|ARM64
	EndGlobalSection
	GlobalSection(SolutionProperties) = preSolution
		HideSolutionNode = FALSE
	EndGlobalSection
	GlobalSection(ExtensibilityGlobals) = postSolution
		SolutionGuid = {D43FAD39-F619-437D-BB40-04A3982ACB6A}
	EndGlobalSection
EndGlobal
